
Microsoft Visual Studio Solution File, Format Version 12.00
# Visual Studio Version 16
VisualStudioVersion = 16.0.30011.22
MinimumVisualStudioVersion = 10.0.40219.1
Project("{FAE04EC0-301F-11D3-BF4B-00C04F79EFBC}") = "NTGSeleniumTesting", "NTGSeleniumTesting\NTGSeleniumTesting.csproj", "{03DC6761-77A8-4685-9B07-FE6A4757539F}"
EndProject
Global
	GlobalSection(SolutionConfigurationPlatforms) = preSolution
		Debug|Any CPU = Debug|Any CPU
		Release|Any CPU = Release|Any CPU
	EndGlobalSection
	GlobalSection(ProjectConfigurationPlatforms) = postSolution
		{03DC6761-77A8-4685-9B07-FE6A4757539F}.Debug|Any CPU.ActiveCfg = Debug|Any CPU
		{03DC6761-77A8-4685-9B07-FE6A4757539F}.Debug|Any CPU.Build.0 = Debug|Any CPU
		{03DC6761-77A8-4685-9B07-FE6A4757539F}.Release|Any CPU.ActiveCfg = Release|Any CPU
		{03DC6761-77A8-4685-9B07-FE6A4757539F}.Release|Any CPU.Build.0 = Release|Any CPU
	EndGlobalSection
	GlobalSection(SolutionProperties) = preSolution
		HideSolutionNode = FALSE
	EndGlobalSection
	GlobalSection(ExtensibilityGlobals) = postSolution
		SolutionGuid = {DA8BD4B8-9F46-44FF-ABC1-BED6A5123C56}
	EndGlobalSection
EndGlobal
